
Microsoft Visual Studio Solution File, Format Version 12.00
# Visual Studio Version 16
VisualStudioVersion = 16.0.32228.343
MinimumVisualStudioVersion = 10.0.40219.1
Project("{FAE04EC0-301F-11D3-BF4B-00C04F79EFBC}") = "Task.UI", "Task.UI\Task.UI.csproj", "{D04B7AFD-5CA6-4592-9C13-C19D982F9985}"
EndProject
Project("{FAE04EC0-301F-11D3-BF4B-00C04F79EFBC}") = "Task.API", "Task.API\Task.API.csproj", "{264D8C78-0D98-44C9-B6BA-04AB5E14D2EC}"
EndProject
Global
	GlobalSection(SolutionConfigurationPlatforms) = preSolution
		Debug|Any CPU = Debug|Any CPU
		Release|Any CPU = Release|Any CPU
	EndGlobalSection
	GlobalSection(ProjectConfigurationPlatforms) = postSolution
		{D04B7AFD-5CA6-4592-9C13-C19D982F9985}.Debug|Any CPU.ActiveCfg = Debug|Any CPU
		{D04B7AFD-5CA6-4592-9C13-C19D982F9985}.Debug|Any CPU.Build.0 = Debug|Any CPU
		{D04B7AFD-5CA6-4592-9C13-C19D982F9985}.Release|Any CPU.ActiveCfg = Release|Any CPU
		{D04B7AFD-5CA6-4592-9C13-C19D982F9985}.Release|Any CPU.Build.0 = Release|Any CPU
		{264D8C78-0D98-44C9-B6BA-04AB5E14D2EC}.Debug|Any CPU.ActiveCfg = Debug|Any CPU
		{264D8C78-0D98-44C9-B6BA-04AB5E14D2EC}.Debug|Any CPU.Build.0 = Debug|Any CPU
		{264D8C78-0D98-44C9-B6BA-04AB5E14D2EC}.Release|Any CPU.ActiveCfg = Release|Any CPU
		{264D8C78-0D98-44C9-B6BA-04AB5E14D2EC}.Release|Any CPU.Build.0 = Release|Any CPU
	EndGlobalSection
	GlobalSection(SolutionProperties) = preSolution
		HideSolutionNode = FALSE
	EndGlobalSection
	GlobalSection(ExtensibilityGlobals) = postSolution
		SolutionGuid = {73D930F8-8DC8-4628-9EBE-2DAA7331C3FB}
	EndGlobalSection
EndGlobal
